
Microsoft Visual Studio Solution File, Format Version 12.00
# Visual Studio 14
VisualStudioVersion = 14.0.25420.1
MinimumVisualStudioVersion = 10.0.40219.1
Project("{FAE04EC0-301F-11D3-BF4B-00C04F79EFBC}") = "FinalProject", "FinalProject\FinalProject.csproj", "{FC87EE0F-D7D0-4000-9AB0-A552B98798DF}"
EndProject
Global
	GlobalSection(SolutionConfigurationPlatforms) = preSolution
		Debug|Any CPU = Debug|Any CPU
		Release|Any CPU = Release|Any CPU
	EndGlobalSection
	GlobalSection(ProjectConfigurationPlatforms) = postSolution
		{FC87EE0F-D7D0-4000-9AB0-A552B98798DF}.Debug|Any CPU.ActiveCfg = Debug|Any CPU
		{FC87EE0F-D7D0-4000-9AB0-A552B98798DF}.Debug|Any CPU.Build.0 = Debug|Any CPU
		{FC87EE0F-D7D0-4000-9AB0-A552B98798DF}.Release|Any CPU.ActiveCfg = Release|Any CPU
		{FC87EE0F-D7D0-4000-9AB0-A552B98798DF}.Release|Any CPU.Build.0 = Release|Any CPU
	EndGlobalSection
	GlobalSection(SolutionProperties) = preSolution
		HideSolutionNode = FALSE
	EndGlobalSection
EndGlobal
